
Microsoft Visual Studio Solution File, Format Version 12.00
# Visual Studio Version 17
VisualStudioVersion = 17.9.34616.47
MinimumVisualStudioVersion = 10.0.40219.1
Project("{2150E333-8FDC-42A3-9474-1A3956D46DE8}") = "src", "src", "{0EB0E003-5911-4A1F-A4FE-27A046C69D1A}"
EndProject
Project("{2150E333-8FDC-42A3-9474-1A3956D46DE8}") = "Solution Items", "Solution Items", "{06DB3DBE-1BB3-4D9F-9FD9-3AD7E9F07967}"
	ProjectSection(SolutionItems) = preProject
		.gitignore = .gitignore
		.github\workflows\integrate.yml = .github\workflows\integrate.yml
		README.md = README.md
		.github\workflows\release.yml = .github\workflows\release.yml
	EndProjectSection
EndProject
Project("{9A19103F-16F7-4668-BE54-9A1E7A4F7556}") = "jsConnect", "src\jsConnect\jsConnect.csproj", "{912C9673-A2BE-4841-80DE-4927B00D4AAB}"
EndProject
Project("{9A19103F-16F7-4668-BE54-9A1E7A4F7556}") = "jsConnect.Tests", "src\jsConnect.Tests\jsConnect.Tests.csproj", "{CB29B34C-08CF-46F7-8BF1-72A53B8A8CD9}"
EndProject
Global
	GlobalSection(SolutionConfigurationPlatforms) = preSolution
		Debug|Any CPU = Debug|Any CPU
		Release|Any CPU = Release|Any CPU
	EndGlobalSection
	GlobalSection(ProjectConfigurationPlatforms) = postSolution
		{912C9673-A2BE-4841-80DE-4927B00D4AAB}.Debug|Any CPU.ActiveCfg = Debug|Any CPU
		{912C9673-A2BE-4841-80DE-4927B00D4AAB}.Debug|Any CPU.Build.0 = Debug|Any CPU
		{912C9673-A2BE-4841-80DE-4927B00D4AAB}.Release|Any CPU.ActiveCfg = Release|Any CPU
		{912C9673-A2BE-4841-80DE-4927B00D4AAB}.Release|Any CPU.Build.0 = Release|Any CPU
		{CB29B34C-08CF-46F7-8BF1-72A53B8A8CD9}.Debug|Any CPU.ActiveCfg = Debug|Any CPU
		{CB29B34C-08CF-46F7-8BF1-72A53B8A8CD9}.Debug|Any CPU.Build.0 = Debug|Any CPU
		{CB29B34C-08CF-46F7-8BF1-72A53B8A8CD9}.Release|Any CPU.ActiveCfg = Release|Any CPU
		{CB29B34C-08CF-46F7-8BF1-72A53B8A8CD9}.Release|Any CPU.Build.0 = Release|Any CPU
	EndGlobalSection
	GlobalSection(SolutionProperties) = preSolution
		HideSolutionNode = FALSE
	EndGlobalSection
	GlobalSection(NestedProjects) = preSolution
		{912C9673-A2BE-4841-80DE-4927B00D4AAB} = {0EB0E003-5911-4A1F-A4FE-27A046C69D1A}
		{CB29B34C-08CF-46F7-8BF1-72A53B8A8CD9} = {0EB0E003-5911-4A1F-A4FE-27A046C69D1A}
	EndGlobalSection
	GlobalSection(ExtensibilityGlobals) = postSolution
		SolutionGuid = {152FAA66-3652-489F-A5EE-C867B46330A8}
	EndGlobalSection
EndGlobal
